
Microsoft Visual Studio Solution File, Format Version 12.00
# Visual Studio Version 16
VisualStudioVersion = 16.0.31729.503
MinimumVisualStudioVersion = 10.0.40219.1
Project("{FAE04EC0-301F-11D3-BF4B-00C04F79EFBC}") = "WpfDay2", "WpfDay2\WpfDay2.csproj", "{B714EC3E-4A37-48AE-90A6-2577CEFA2C35}"
EndProject
Global
	GlobalSection(SolutionConfigurationPlatforms) = preSolution
		Debug|Any CPU = Debug|Any CPU
		Release|Any CPU = Release|Any CPU
	EndGlobalSection
	GlobalSection(ProjectConfigurationPlatforms) = postSolution
		{B714EC3E-4A37-48AE-90A6-2577CEFA2C35}.Debug|Any CPU.ActiveCfg = Debug|Any CPU
		{B714EC3E-4A37-48AE-90A6-2577CEFA2C35}.Debug|Any CPU.Build.0 = Debug|Any CPU
		{B714EC3E-4A37-48AE-90A6-2577CEFA2C35}.Release|Any CPU.ActiveCfg = Release|Any CPU
		{B714EC3E-4A37-48AE-90A6-2577CEFA2C35}.Release|Any CPU.Build.0 = Release|Any CPU
	EndGlobalSection
	GlobalSection(SolutionProperties) = preSolution
		HideSolutionNode = FALSE
	EndGlobalSection
	GlobalSection(ExtensibilityGlobals) = postSolution
		SolutionGuid = {7FD8E36F-83E5-45E7-8130-CAD183FFEFD4}
	EndGlobalSection
EndGlobal
